
Microsoft Visual Studio Solution File, Format Version 12.00
# Visual Studio Version 16
VisualStudioVersion = 16.0.31729.503
MinimumVisualStudioVersion = 10.0.40219.1
Project("{FAE04EC0-301F-11D3-BF4B-00C04F79EFBC}") = "ProductReviewManagementWithLinq", "ProductReviewManagementWithLinq.csproj", "{CFBCE314-F3B9-4DED-A2E0-41B498464715}"
EndProject
Global
	GlobalSection(SolutionConfigurationPlatforms) = preSolution
		Debug|Any CPU = Debug|Any CPU
		Release|Any CPU = Release|Any CPU
	EndGlobalSection
	GlobalSection(ProjectConfigurationPlatforms) = postSolution
		{CFBCE314-F3B9-4DED-A2E0-41B498464715}.Debug|Any CPU.ActiveCfg = Debug|Any CPU
		{CFBCE314-F3B9-4DED-A2E0-41B498464715}.Debug|Any CPU.Build.0 = Debug|Any CPU
		{CFBCE314-F3B9-4DED-A2E0-41B498464715}.Release|Any CPU.ActiveCfg = Release|Any CPU
		{CFBCE314-F3B9-4DED-A2E0-41B498464715}.Release|Any CPU.Build.0 = Release|Any CPU
	EndGlobalSection
	GlobalSection(SolutionProperties) = preSolution
		HideSolutionNode = FALSE
	EndGlobalSection
	GlobalSection(ExtensibilityGlobals) = postSolution
		SolutionGuid = {86B16398-34E3-4C53-9020-9C9CBE38DB3B}
	EndGlobalSection
EndGlobal
